version = 1
revision = 3
requires-python = ">=3.14"

[manifest]
members = [
    "case2",
    "optimization-assignment-2",
]

[[package]]
name = "case2"
version = "0.1.0"
source = { virtual = "case2" }

[[package]]
name = "optimization-assignment-2"
version = "0.1.0"
source = { virtual = "." }
dependencies = [
    { name = "roar-net-api" },
]

[package.metadata]
requires-dist = [{ name = "roar-net-api", specifier = ">=0.1.1" }]

[[package]]
name = "roar-net-api"
version = "0.1.1"
source = { registry = "https://pypi.org/simple" }
sdist = { url = "https://files.pythonhosted.org/packages/cd/a5/9b20189ec8d269e6b566df7753f89c81549767119752acbe61ec0ba42030/roar_net_api-0.1.1.tar.gz", hash = "sha256:83699d365487fc121625d1078113d2c48bf8026094a87c9f3fe3bc1060a335c8", size = 24131, upload-time = "2025-07-01T21:23:43.289Z" }
wheels = [
    { url = "https://files.pythonhosted.org/packages/85/51/86e779532ec36ac7b65819eb152184363373fe3aaf83bb22a0506f7eef39/roar_net_api-0.1.1-py3-none-any.whl", hash = "sha256:c4f799b850488e32426e877132b267c739adcc6a57793ca332092d94fe0b2a06", size = 34746, upload-time = "2025-07-01T21:23:41.752Z" },
]
